// !$*UTF8*$!
{
	archiveVersion = 1;
	classes = {
	};
	objectVersion = 48;
	objects = {

/* Begin PBXBuildFile section */
		BE9A1EB2448D4E532E1746D6 /* Pods_XinaoEnergy.framework in Frameworks */ = {isa = PBXBuildFile; fileRef = BAC1B780C6593CC8A5B3565B /* Pods_XinaoEnergy.framework */; };
		BF09CA0C21463E52008F5EB5 /* CustomSearchViewController.swift in Sources */ = {isa = PBXBuildFile; fileRef = BF09CA0B21463E52008F5EB5 /* CustomSearchViewController.swift */; };
		BF09CA0E214653DC008F5EB5 /* SearchViewController.swift in Sources */ = {isa = PBXBuildFile; fileRef = BF09CA0D214653DC008F5EB5 /* SearchViewController.swift */; };
		BF642A97211ACEAA00A32D50 /* HelpDocumentViewController.swift in Sources */ = {isa = PBXBuildFile; fileRef = BF642A96211ACEAA00A32D50 /* HelpDocumentViewController.swift */; };
		BF642A99211AD89400A32D50 /* 咕咚APP截图操作.pdf in Resources */ = {isa = PBXBuildFile; fileRef = BF642A98211AD89300A32D50 /* 咕咚APP截图操作.pdf */; };
		BF686534213E686C0002B966 /* LeftTreeView.swift in Sources */ = {isa = PBXBuildFile; fileRef = BF686533213E686C0002B966 /* LeftTreeView.swift */; };
		BF686536213E6DB00002B966 /* LeftViewController.swift in Sources */ = {isa = PBXBuildFile; fileRef = BF686535213E6DB00002B966 /* LeftViewController.swift */; };
		BF686539213F822F0002B966 /* RealTimeTopTwoCollectionViewCell.swift in Sources */ = {isa = PBXBuildFile; fileRef = BF686538213F822F0002B966 /* RealTimeTopTwoCollectionViewCell.swift */; };
		BF8C94692118139E001CC587 /* PersonalTableViewCell.swift in Sources */ = {isa = PBXBuildFile; fileRef = BF8C94682118139E001CC587 /* PersonalTableViewCell.swift */; };
		BF8C946B21183444001CC587 /* PersonTableViewCellModel.swift in Sources */ = {isa = PBXBuildFile; fileRef = BF8C946A21183444001CC587 /* PersonTableViewCellModel.swift */; };
		BF8D0F46212A4CE5006631C2 /* ChangePasswordViewController.swift in Sources */ = {isa = PBXBuildFile; fileRef = BF8D0F45212A4CE5006631C2 /* ChangePasswordViewController.swift */; };
		BF8D0F49212A9FAE006631C2 /* ChangeNumberPasswordViewController.swift in Sources */ = {isa = PBXBuildFile; fileRef = BF8D0F47212A9FAE006631C2 /* ChangeNumberPasswordViewController.swift */; };
		BF8D0F4A212A9FAE006631C2 /* ChangeNumberPasswordViewController.xib in Resources */ = {isa = PBXBuildFile; fileRef = BF8D0F48212A9FAE006631C2 /* ChangeNumberPasswordViewController.xib */; };
		BF8D0F4F212AC0EF006631C2 /* InfoPlist.strings in Resources */ = {isa = PBXBuildFile; fileRef = BF8D0F51212AC0EF006631C2 /* InfoPlist.strings */; };
		BF8D0F5E212BEAB9006631C2 /* MaxCardViewController.swift in Sources */ = {isa = PBXBuildFile; fileRef = BF8D0F5D212BEAB9006631C2 /* MaxCardViewController.swift */; };
		BF8D0F60212BEC5C006631C2 /* AddNavViewController.swift in Sources */ = {isa = PBXBuildFile; fileRef = BF8D0F5F212BEC5C006631C2 /* AddNavViewController.swift */; };
		BF90913B213CDC690053A795 /* LeftCodeViewController.swift in Sources */ = {isa = PBXBuildFile; fileRef = BF90913A213CDC690053A795 /* LeftCodeViewController.swift */; };
		BF90913D213CF95F0053A795 /* LeftCellCodeModel.swift in Sources */ = {isa = PBXBuildFile; fileRef = BF90913C213CF95F0053A795 /* LeftCellCodeModel.swift */; };
		BFD1532B2133D7D10089B0B0 /* SingleStationViewController.swift in Sources */ = {isa = PBXBuildFile; fileRef = BFD1532A2133D7D10089B0B0 /* SingleStationViewController.swift */; };
		BFD1532F2133E6740089B0B0 /* RealtimeTopTwoViewCell.xib in Resources */ = {isa = PBXBuildFile; fileRef = BFD1532E2133E6740089B0B0 /* RealtimeTopTwoViewCell.xib */; };
		BFD153312133E6A50089B0B0 /* RealTimeProvideViewCell.xib in Resources */ = {isa = PBXBuildFile; fileRef = BFD153302133E6A50089B0B0 /* RealTimeProvideViewCell.xib */; };
		BFD153332133E6E50089B0B0 /* RealTimeConsumeViewCell.xib in Resources */ = {isa = PBXBuildFile; fileRef = BFD153322133E6E50089B0B0 /* RealTimeConsumeViewCell.xib */; };
		BFD153352134D6D30089B0B0 /* RealTimeProvideModel.swift in Sources */ = {isa = PBXBuildFile; fileRef = BFD153342134D6D30089B0B0 /* RealTimeProvideModel.swift */; };
		BFD1533B2134E8C50089B0B0 /* RealTimeProvideCollectionViewCell.swift in Sources */ = {isa = PBXBuildFile; fileRef = BFD1533A2134E8C50089B0B0 /* RealTimeProvideCollectionViewCell.swift */; };
		BFD1533D2135212E0089B0B0 /* RealTimeReusableView.swift in Sources */ = {isa = PBXBuildFile; fileRef = BFD1533C2135212E0089B0B0 /* RealTimeReusableView.swift */; };
		BFD1533F213648480089B0B0 /* LeftTreeViewController.swift in Sources */ = {isa = PBXBuildFile; fileRef = BFD1533E213648480089B0B0 /* LeftTreeViewController.swift */; };
		BFD1534121364A540089B0B0 /* LeftTreeViewTableViewCell.swift in Sources */ = {isa = PBXBuildFile; fileRef = BFD1534021364A540089B0B0 /* LeftTreeViewTableViewCell.swift */; };
		BFD1534321366B430089B0B0 /* DataObject.swift in Sources */ = {isa = PBXBuildFile; fileRef = BFD1534221366B430089B0B0 /* DataObject.swift */; };
		BFD1534621366BAE0089B0B0 /* TreeTableViewCell.swift in Sources */ = {isa = PBXBuildFile; fileRef = BFD1534421366BAE0089B0B0 /* TreeTableViewCell.swift */; };
		BFD1534721366BAE0089B0B0 /* TreeTableViewCell.xib in Resources */ = {isa = PBXBuildFile; fileRef = BFD1534521366BAE0089B0B0 /* TreeTableViewCell.xib */; };
		FB0EF4E0211749060013229B /* KnowLeadgeTableViewCell.swift in Sources */ = {isa = PBXBuildFile; fileRef = FB0EF4DF211749060013229B /* KnowLeadgeTableViewCell.swift */; };
		FB1363E22119F09600231C11 /* QrCodeViewController.swift in Sources */ = {isa = PBXBuildFile; fileRef = FB1363E12119F09600231C11 /* QrCodeViewController.swift */; };
		FB2C8C62210960F200E4EA65 /* BaseViewController.swift in Sources */ = {isa = PBXBuildFile; fileRef = FB2C8C61210960F200E4EA65 /* BaseViewController.swift */; };
		FB590F622113F78B007FFD4C /* OcModule.swift in Sources */ = {isa = PBXBuildFile; fileRef = FB590F612113F78B007FFD4C /* OcModule.swift */; };
		FB590F652113F82D007FFD4C /* Object-c.m in Sources */ = {isa = PBXBuildFile; fileRef = FB590F642113F82D007FFD4C /* Object-c.m */; };
		FB71B638211975EC00DA3A58 /* CameraView.swift in Sources */ = {isa = PBXBuildFile; fileRef = FB71B637211975EC00DA3A58 /* CameraView.swift */; };
		FB71B63A2119763C00DA3A58 /* CameraViewController.swift in Sources */ = {isa = PBXBuildFile; fileRef = FB71B6392119763C00DA3A58 /* CameraViewController.swift */; };
		FB86777E2133D18D007F6EA8 /* pdf-2.png in Resources */ = {isa = PBXBuildFile; fileRef = FB86777B2133D18C007F6EA8 /* pdf-2.png */; };
		FB8677822133D702007F6EA8 /* index.html in Resources */ = {isa = PBXBuildFile; fileRef = FB8677812133D702007F6EA8 /* index.html */; };
		FB8677842133D71F007F6EA8 /* jquery-1.11.1.min.js in Resources */ = {isa = PBXBuildFile; fileRef = FB8677832133D71F007F6EA8 /* jquery-1.11.1.min.js */; };
		FB8BCE4D2112B0E0005906A6 /* LoginViewController.swift in Sources */ = {isa = PBXBuildFile; fileRef = FB8BCE4C2112B0E0005906A6 /* LoginViewController.swift */; };
		FC2DA00F2101C96100BAAD9A /* MainViewController.swift in Sources */ = {isa = PBXBuildFile; fileRef = FC2DA00E2101C96100BAAD9A /* MainViewController.swift */; };
		FC2DA0112101C9FE00BAAD9A /* KnowLeadgeViewController.swift in Sources */ = {isa = PBXBuildFile; fileRef = FC2DA0102101C9FE00BAAD9A /* KnowLeadgeViewController.swift */; };
		FC2DA0132101CA7300BAAD9A /* IdeaViewController.swift in Sources */ = {isa = PBXBuildFile; fileRef = FC2DA0122101CA7300BAAD9A /* IdeaViewController.swift */; };
		FC2DA0152101CA8A00BAAD9A /* PersonViewController.swift in Sources */ = {isa = PBXBuildFile; fileRef = FC2DA0142101CA8A00BAAD9A /* PersonViewController.swift */; };
		FC2DA0192106EEF000BAAD9A /* StationViewController.swift in Sources */ = {isa = PBXBuildFile; fileRef = FC2DA0182106EEF000BAAD9A /* StationViewController.swift */; };
		FC2DA01B210706D100BAAD9A /* TableViewController.swift in Sources */ = {isa = PBXBuildFile; fileRef = FC2DA01A210706D100BAAD9A /* TableViewController.swift */; };
		FC2DA01D21070B7700BAAD9A /* todoModel.swift in Sources */ = {isa = PBXBuildFile; fileRef = FC2DA01C21070B7700BAAD9A /* todoModel.swift */; };
		FC81C89C20FED8FB00CF8252 /* AppDelegate.swift in Sources */ = {isa = PBXBuildFile; fileRef = FC81C89B20FED8FB00CF8252 /* AppDelegate.swift */; };
		FC81C89E20FED8FB00CF8252 /* ViewController.swift in Sources */ = {isa = PBXBuildFile; fileRef = FC81C89D20FED8FB00CF8252 /* ViewController.swift */; };
		FC81C8A120FED8FB00CF8252 /* Main.storyboard in Resources */ = {isa = PBXBuildFile; fileRef = FC81C89F20FED8FB00CF8252 /* Main.storyboard */; };
		FC81C8A320FED8FB00CF8252 /* Assets.xcassets in Resources */ = {isa = PBXBuildFile; fileRef = FC81C8A220FED8FB00CF8252 /* Assets.xcassets */; };
		FC81C8A620FED8FB00CF8252 /* LaunchScreen.storyboard in Resources */ = {isa = PBXBuildFile; fileRef = FC81C8A420FED8FB00CF8252 /* LaunchScreen.storyboard */; };
		FC8CF18821002FB10059CA72 /* FrameViewController.swift in Sources */ = {isa = PBXBuildFile; fileRef = FC8CF18721002FB10059CA72 /* FrameViewController.swift */; };
		FCCF02872112F39E00CF9E85 /* LineChartsViewController.swift in Sources */ = {isa = PBXBuildFile; fileRef = FCCF02812112F39D00CF9E85 /* LineChartsViewController.swift */; };
		FCCF02882112F39E00CF9E85 /* PieChartsViewController.swift in Sources */ = {isa = PBXBuildFile; fileRef = FCCF02822112F39D00CF9E85 /* PieChartsViewController.swift */; };
		FCCF02892112F39E00CF9E85 /* LineButton.swift in Sources */ = {isa = PBXBuildFile; fileRef = FCCF02832112F39D00CF9E85 /* LineButton.swift */; };
		FCCF028A2112F39E00CF9E85 /* BarChartsViewController.swift in Sources */ = {isa = PBXBuildFile; fileRef = FCCF02842112F39E00CF9E85 /* BarChartsViewController.swift */; };
		FCCF028B2112F39E00CF9E85 /* PublicParamter.swift in Sources */ = {isa = PBXBuildFile; fileRef = FCCF02852112F39E00CF9E85 /* PublicParamter.swift */; };
		FCCF028C2112F39E00CF9E85 /* ChartsTabViewController.swift in Sources */ = {isa = PBXBuildFile; fileRef = FCCF02862112F39E00CF9E85 /* ChartsTabViewController.swift */; };
/* End PBXBuildFile section */

/* Begin PBXFileReference section */
		2D7E43E89551CB8BF6FBD79F /* Pods-XinaoEnergy.release.xcconfig */ = {isa = PBXFileReference; includeInIndex = 1; lastKnownFileType = text.xcconfig; name = "Pods-XinaoEnergy.release.xcconfig"; path = "Pods/Target Support Files/Pods-XinaoEnergy/Pods-XinaoEnergy.release.xcconfig"; sourceTree = "<group>"; };
		50B58BDC1289AC312589528B /* Pods-XinaoEnergy.debug.xcconfig */ = {isa = PBXFileReference; includeInIndex = 1; lastKnownFileType = text.xcconfig; name = "Pods-XinaoEnergy.debug.xcconfig"; path = "Pods/Target Support Files/Pods-XinaoEnergy/Pods-XinaoEnergy.debug.xcconfig"; sourceTree = "<group>"; };
		BAC1B780C6593CC8A5B3565B /* Pods_XinaoEnergy.framework */ = {isa = PBXFileReference; explicitFileType = wrapper.framework; includeInIndex = 0; path = Pods_XinaoEnergy.framework; sourceTree = BUILT_PRODUCTS_DIR; };
		BF09CA0B21463E52008F5EB5 /* CustomSearchViewController.swift */ = {isa = PBXFileReference; lastKnownFileType = sourcecode.swift; path = CustomSearchViewController.swift; sourceTree = "<group>"; };
		BF09CA0D214653DC008F5EB5 /* SearchViewController.swift */ = {isa = PBXFileReference; lastKnownFileType = sourcecode.swift; path = SearchViewController.swift; sourceTree = "<group>"; };
		BF642A96211ACEAA00A32D50 /* HelpDocumentViewController.swift */ = {isa = PBXFileReference; lastKnownFileType = sourcecode.swift; path = HelpDocumentViewController.swift; sourceTree = "<group>"; };
		BF642A98211AD89300A32D50 /* 咕咚APP截图操作.pdf */ = {isa = PBXFileReference; lastKnownFileType = image.pdf; path = "咕咚APP截图操作.pdf"; sourceTree = "<group>"; };
		BF686533213E686C0002B966 /* LeftTreeView.swift */ = {isa = PBXFileReference; lastKnownFileType = sourcecode.swift; path = LeftTreeView.swift; sourceTree = "<group>"; };
		BF686535213E6DB00002B966 /* LeftViewController.swift */ = {isa = PBXFileReference; lastKnownFileType = sourcecode.swift; path = LeftViewController.swift; sourceTree = "<group>"; };
		BF686538213F822F0002B966 /* RealTimeTopTwoCollectionViewCell.swift */ = {isa = PBXFileReference; lastKnownFileType = sourcecode.swift; path = RealTimeTopTwoCollectionViewCell.swift; sourceTree = "<group>"; };
		BF8C94682118139E001CC587 /* PersonalTableViewCell.swift */ = {isa = PBXFileReference; lastKnownFileType = sourcecode.swift; path = PersonalTableViewCell.swift; sourceTree = "<group>"; };
		BF8C946A21183444001CC587 /* PersonTableViewCellModel.swift */ = {isa = PBXFileReference; lastKnownFileType = sourcecode.swift; path = PersonTableViewCellModel.swift; sourceTree = "<group>"; };
		BF8D0F45212A4CE5006631C2 /* ChangePasswordViewController.swift */ = {isa = PBXFileReference; lastKnownFileType = sourcecode.swift; path = ChangePasswordViewController.swift; sourceTree = "<group>"; };
		BF8D0F47212A9FAE006631C2 /* ChangeNumberPasswordViewController.swift */ = {isa = PBXFileReference; lastKnownFileType = sourcecode.swift; path = ChangeNumberPasswordViewController.swift; sourceTree = "<group>"; };
		BF8D0F48212A9FAE006631C2 /* ChangeNumberPasswordViewController.xib */ = {isa = PBXFileReference; lastKnownFileType = file.xib; path = ChangeNumberPasswordViewController.xib; sourceTree = "<group>"; };
		BF8D0F4B212ABE48006631C2 /* zh-Hans */ = {isa = PBXFileReference; lastKnownFileType = text.plist.strings; name = "zh-Hans"; path = "zh-Hans.lproj/Main.strings"; sourceTree = "<group>"; };
		BF8D0F4C212ABE48006631C2 /* zh-Hans */ = {isa = PBXFileReference; lastKnownFileType = text.plist.strings; name = "zh-Hans"; path = "zh-Hans.lproj/LaunchScreen.strings"; sourceTree = "<group>"; };
		BF8D0F50212AC0EF006631C2 /* zh-Hans */ = {isa = PBXFileReference; lastKnownFileType = text.plist.strings; name = "zh-Hans"; path = "zh-Hans.lproj/InfoPlist.strings"; sourceTree = "<group>"; };
		BF8D0F52212AC0F5006631C2 /* en */ = {isa = PBXFileReference; lastKnownFileType = text.plist.strings; name = en; path = en.lproj/InfoPlist.strings; sourceTree = "<group>"; };
		BF8D0F53212B97A7006631C2 /* zh */ = {isa = PBXFileReference; lastKnownFileType = text.plist.strings; name = zh; path = zh.lproj/Main.strings; sourceTree = "<group>"; };
		BF8D0F54212B97A7006631C2 /* zh */ = {isa = PBXFileReference; lastKnownFileType = text.plist.strings; name = zh; path = zh.lproj/LaunchScreen.strings; sourceTree = "<group>"; };
		BF8D0F55212B97A7006631C2 /* zh */ = {isa = PBXFileReference; lastKnownFileType = text.plist.strings; name = zh; path = zh.lproj/InfoPlist.strings; sourceTree = "<group>"; };
		BF8D0F56212B97D5006631C2 /* zh-Hans-CN */ = {isa = PBXFileReference; lastKnownFileType = text.plist.strings; name = "zh-Hans-CN"; path = "zh-Hans-CN.lproj/Main.strings"; sourceTree = "<group>"; };
		BF8D0F57212B97D5006631C2 /* zh-Hans-CN */ = {isa = PBXFileReference; lastKnownFileType = text.plist.strings; name = "zh-Hans-CN"; path = "zh-Hans-CN.lproj/LaunchScreen.strings"; sourceTree = "<group>"; };
		BF8D0F58212B97D6006631C2 /* zh-Hans-CN */ = {isa = PBXFileReference; lastKnownFileType = text.plist.strings; name = "zh-Hans-CN"; path = "zh-Hans-CN.lproj/InfoPlist.strings"; sourceTree = "<group>"; };
		BF8D0F5D212BEAB9006631C2 /* MaxCardViewController.swift */ = {isa = PBXFileReference; lastKnownFileType = sourcecode.swift; path = MaxCardViewController.swift; sourceTree = "<group>"; };
		BF8D0F5F212BEC5C006631C2 /* AddNavViewController.swift */ = {isa = PBXFileReference; lastKnownFileType = sourcecode.swift; path = AddNavViewController.swift; sourceTree = "<group>"; };
		BF90913A213CDC690053A795 /* LeftCodeViewController.swift */ = {isa = PBXFileReference; lastKnownFileType = sourcecode.swift; path = LeftCodeViewController.swift; sourceTree = "<group>"; };
		BF90913C213CF95F0053A795 /* LeftCellCodeModel.swift */ = {isa = PBXFileReference; lastKnownFileType = sourcecode.swift; path = LeftCellCodeModel.swift; sourceTree = "<group>"; };
		BFD15325212EA5F70089B0B0 /* libsqlite3.tbd */ = {isa = PBXFileReference; lastKnownFileType = "sourcecode.text-based-dylib-definition"; name = libsqlite3.tbd; path = usr/lib/libsqlite3.tbd; sourceTree = SDKROOT; };
		BFD15326212EA5F70089B0B0 /* libsqlite3.0.tbd */ = {isa = PBXFileReference; lastKnownFileType = "sourcecode.text-based-dylib-definition"; name = libsqlite3.0.tbd; path = usr/lib/libsqlite3.0.tbd; sourceTree = SDKROOT; };
		BFD1532A2133D7D10089B0B0 /* SingleStationViewController.swift */ = {isa = PBXFileReference; lastKnownFileType = sourcecode.swift; path = SingleStationViewController.swift; sourceTree = "<group>"; };
		BFD1532E2133E6740089B0B0 /* RealtimeTopTwoViewCell.xib */ = {isa = PBXFileReference; lastKnownFileType = file.xib; path = RealtimeTopTwoViewCell.xib; sourceTree = "<group>"; };
		BFD153302133E6A50089B0B0 /* RealTimeProvideViewCell.xib */ = {isa = PBXFileReference; lastKnownFileType = file.xib; path = RealTimeProvideViewCell.xib; sourceTree = "<group>"; };
		BFD153322133E6E50089B0B0 /* RealTimeConsumeViewCell.xib */ = {isa = PBXFileReference; lastKnownFileType = file.xib; path = RealTimeConsumeViewCell.xib; sourceTree = "<group>"; };
		BFD153342134D6D30089B0B0 /* RealTimeProvideModel.swift */ = {isa = PBXFileReference; lastKnownFileType = sourcecode.swift; path = RealTimeProvideModel.swift; sourceTree = "<group>"; };
		BFD1533A2134E8C50089B0B0 /* RealTimeProvideCollectionViewCell.swift */ = {isa = PBXFileReference; lastKnownFileType = sourcecode.swift; path = RealTimeProvideCollectionViewCell.swift; sourceTree = "<group>"; };
		BFD1533C2135212E0089B0B0 /* RealTimeReusableView.swift */ = {isa = PBXFileReference; lastKnownFileType = sourcecode.swift; path = RealTimeReusableView.swift; sourceTree = "<group>"; };
		BFD1533E213648480089B0B0 /* LeftTreeViewController.swift */ = {isa = PBXFileReference; lastKnownFileType = sourcecode.swift; path = LeftTreeViewController.swift; sourceTree = "<group>"; };
		BFD1534021364A540089B0B0 /* LeftTreeViewTableViewCell.swift */ = {isa = PBXFileReference; lastKnownFileType = sourcecode.swift; path = LeftTreeViewTableViewCell.swift; sourceTree = "<group>"; };
		BFD1534221366B430089B0B0 /* DataObject.swift */ = {isa = PBXFileReference; fileEncoding = 4; lastKnownFileType = sourcecode.swift; path = DataObject.swift; sourceTree = "<group>"; };
		BFD1534421366BAE0089B0B0 /* TreeTableViewCell.swift */ = {isa = PBXFileReference; fileEncoding = 4; lastKnownFileType = sourcecode.swift; path = TreeTableViewCell.swift; sourceTree = "<group>"; };
		BFD1534521366BAE0089B0B0 /* TreeTableViewCell.xib */ = {isa = PBXFileReference; fileEncoding = 4; lastKnownFileType = file.xib; path = TreeTableViewCell.xib; sourceTree = "<group>"; };
		FB0EF4DF211749060013229B /* KnowLeadgeTableViewCell.swift */ = {isa = PBXFileReference; lastKnownFileType = sourcecode.swift; path = KnowLeadgeTableViewCell.swift; sourceTree = "<group>"; };
		FB1363E12119F09600231C11 /* QrCodeViewController.swift */ = {isa = PBXFileReference; lastKnownFileType = sourcecode.swift; path = QrCodeViewController.swift; sourceTree = "<group>"; };
		FB2C8C61210960F200E4EA65 /* BaseViewController.swift */ = {isa = PBXFileReference; lastKnownFileType = sourcecode.swift; path = BaseViewController.swift; sourceTree = "<group>"; };
		FB590F612113F78B007FFD4C /* OcModule.swift */ = {isa = PBXFileReference; lastKnownFileType = sourcecode.swift; path = OcModule.swift; sourceTree = "<group>"; };
		FB590F632113F82D007FFD4C /* XinaoEnergy-Bridging-Header.h */ = {isa = PBXFileReference; lastKnownFileType = sourcecode.c.h; path = "XinaoEnergy-Bridging-Header.h"; sourceTree = "<group>"; };
		FB590F642113F82D007FFD4C /* Object-c.m */ = {isa = PBXFileReference; lastKnownFileType = sourcecode.c.objc; path = "Object-c.m"; sourceTree = "<group>"; };
		FB71B637211975EC00DA3A58 /* CameraView.swift */ = {isa = PBXFileReference; lastKnownFileType = sourcecode.swift; path = CameraView.swift; sourceTree = "<group>"; };
		FB71B6392119763C00DA3A58 /* CameraViewController.swift */ = {isa = PBXFileReference; lastKnownFileType = sourcecode.swift; path = CameraViewController.swift; sourceTree = "<group>"; };
		FB86777B2133D18C007F6EA8 /* pdf-2.png */ = {isa = PBXFileReference; lastKnownFileType = image.png; path = "pdf-2.png"; sourceTree = "<group>"; };
		FB8677812133D702007F6EA8 /* index.html */ = {isa = PBXFileReference; lastKnownFileType = text.html; path = index.html; sourceTree = "<group>"; };
		FB8677832133D71F007F6EA8 /* jquery-1.11.1.min.js */ = {isa = PBXFileReference; lastKnownFileType = sourcecode.javascript; path = "jquery-1.11.1.min.js"; sourceTree = "<group>"; };
		FB8BCE4C2112B0E0005906A6 /* LoginViewController.swift */ = {isa = PBXFileReference; lastKnownFileType = sourcecode.swift; path = LoginViewController.swift; sourceTree = "<group>"; };
		FC2DA00E2101C96100BAAD9A /* MainViewController.swift */ = {isa = PBXFileReference; lastKnownFileType = sourcecode.swift; path = MainViewController.swift; sourceTree = "<group>"; };
		FC2DA0102101C9FE00BAAD9A /* KnowLeadgeViewController.swift */ = {isa = PBXFileReference; lastKnownFileType = sourcecode.swift; path = KnowLeadgeViewController.swift; sourceTree = "<group>"; };
		FC2DA0122101CA7300BAAD9A /* IdeaViewController.swift */ = {isa = PBXFileReference; lastKnownFileType = sourcecode.swift; path = IdeaViewController.swift; sourceTree = "<group>"; };
		FC2DA0142101CA8A00BAAD9A /* PersonViewController.swift */ = {isa = PBXFileReference; lastKnownFileType = sourcecode.swift; path = PersonViewController.swift; sourceTree = "<group>"; };
		FC2DA0182106EEF000BAAD9A /* StationViewController.swift */ = {isa = PBXFileReference; lastKnownFileType = sourcecode.swift; path = StationViewController.swift; sourceTree = "<group>"; };
		FC2DA01A210706D100BAAD9A /* TableViewController.swift */ = {isa = PBXFileReference; lastKnownFileType = sourcecode.swift; path = TableViewController.swift; sourceTree = "<group>"; };
		FC2DA01C21070B7700BAAD9A /* todoModel.swift */ = {isa = PBXFileReference; lastKnownFileType = sourcecode.swift; path = todoModel.swift; sourceTree = "<group>"; };
		FC81C89820FED8FB00CF8252 /* XinaoEnergy.app */ = {isa = PBXFileReference; explicitFileType = wrapper.application; includeInIndex = 0; path = XinaoEnergy.app; sourceTree = BUILT_PRODUCTS_DIR; };
		FC81C89B20FED8FB00CF8252 /* AppDelegate.swift */ = {isa = PBXFileReference; lastKnownFileType = sourcecode.swift; path = AppDelegate.swift; sourceTree = "<group>"; };
		FC81C89D20FED8FB00CF8252 /* ViewController.swift */ = {isa = PBXFileReference; lastKnownFileType = sourcecode.swift; path = ViewController.swift; sourceTree = "<group>"; };
		FC81C8A020FED8FB00CF8252 /* Base */ = {isa = PBXFileReference; lastKnownFileType = file.storyboard; name = Base; path = Base.lproj/Main.storyboard; sourceTree = "<group>"; };
		FC81C8A220FED8FB00CF8252 /* Assets.xcassets */ = {isa = PBXFileReference; lastKnownFileType = folder.assetcatalog; path = Assets.xcassets; sourceTree = "<group>"; };
		FC81C8A520FED8FB00CF8252 /* Base */ = {isa = PBXFileReference; lastKnownFileType = file.storyboard; name = Base; path = Base.lproj/LaunchScreen.storyboard; sourceTree = "<group>"; };
		FC81C8A720FED8FB00CF8252 /* Info.plist */ = {isa = PBXFileReference; lastKnownFileType = text.plist.xml; path = Info.plist; sourceTree = "<group>"; };
		FC8CF18721002FB10059CA72 /* FrameViewController.swift */ = {isa = PBXFileReference; lastKnownFileType = sourcecode.swift; path = FrameViewController.swift; sourceTree = "<group>"; };
		FCCF02812112F39D00CF9E85 /* LineChartsViewController.swift */ = {isa = PBXFileReference; lastKnownFileType = sourcecode.swift; path = LineChartsViewController.swift; sourceTree = "<group>"; };
		FCCF02822112F39D00CF9E85 /* PieChartsViewController.swift */ = {isa = PBXFileReference; lastKnownFileType = sourcecode.swift; path = PieChartsViewController.swift; sourceTree = "<group>"; };
		FCCF02832112F39D00CF9E85 /* LineButton.swift */ = {isa = PBXFileReference; lastKnownFileType = sourcecode.swift; path = LineButton.swift; sourceTree = "<group>"; };
		FCCF02842112F39E00CF9E85 /* BarChartsViewController.swift */ = {isa = PBXFileReference; lastKnownFileType = sourcecode.swift; path = BarChartsViewController.swift; sourceTree = "<group>"; };
		FCCF02852112F39E00CF9E85 /* PublicParamter.swift */ = {isa = PBXFileReference; lastKnownFileType = sourcecode.swift; path = PublicParamter.swift; sourceTree = "<group>"; };
		FCCF02862112F39E00CF9E85 /* ChartsTabViewController.swift */ = {isa = PBXFileReference; lastKnownFileType = sourcecode.swift; path = ChartsTabViewController.swift; sourceTree = "<group>"; };
/* End PBXFileReference section */

/* Begin PBXFrameworksBuildPhase section */
		FC81C89520FED8FB00CF8252 /* Frameworks */ = {
			isa = PBXFrameworksBuildPhase;
			buildActionMask = 2147483647;
			files = (
				BE9A1EB2448D4E532E1746D6 /* Pods_XinaoEnergy.framework in Frameworks */,
			);
			runOnlyForDeploymentPostprocessing = 0;
		};
/* End PBXFrameworksBuildPhase section */

/* Begin PBXGroup section */
		19F050945BCF380CF902ACAC /* Frameworks */ = {
			isa = PBXGroup;
			children = (
				BFD15326212EA5F70089B0B0 /* libsqlite3.0.tbd */,
				BFD15325212EA5F70089B0B0 /* libsqlite3.tbd */,
				BAC1B780C6593CC8A5B3565B /* Pods_XinaoEnergy.framework */,
			);
			name = Frameworks;
			sourceTree = "<group>";
		};
		9CA390A2A00D15F3E6BB4CA4 /* Pods */ = {
			isa = PBXGroup;
			children = (
				50B58BDC1289AC312589528B /* Pods-XinaoEnergy.debug.xcconfig */,
				2D7E43E89551CB8BF6FBD79F /* Pods-XinaoEnergy.release.xcconfig */,
			);
			name = Pods;
			sourceTree = "<group>";
		};
		BF0509412148BE6400A905BB /* CustomSearchDemo */ = {
			isa = PBXGroup;
			children = (
				BF09CA0D214653DC008F5EB5 /* SearchViewController.swift */,
				BF09CA0B21463E52008F5EB5 /* CustomSearchViewController.swift */,
			);
			path = CustomSearchDemo;
			sourceTree = "<group>";
		};
		BF0717652138C41A00DE1F73 /* RATreeViewDemo */ = {
			isa = PBXGroup;
			children = (
				BFD1533E213648480089B0B0 /* LeftTreeViewController.swift */,
				BFD1534221366B430089B0B0 /* DataObject.swift */,
				BFD1534421366BAE0089B0B0 /* TreeTableViewCell.swift */,
				BFD1534521366BAE0089B0B0 /* TreeTableViewCell.xib */,
			);
			path = RATreeViewDemo;
			sourceTree = "<group>";
		};
		BF68652F213E22660002B966 /* CustomTreeView */ = {
			isa = PBXGroup;
			children = (
				BF90913C213CF95F0053A795 /* LeftCellCodeModel.swift */,
				BFD1534021364A540089B0B0 /* LeftTreeViewTableViewCell.swift */,
				BF686533213E686C0002B966 /* LeftTreeView.swift */,
			);
			path = CustomTreeView;
			sourceTree = "<group>";
		};
		BF686530213E25280002B966 /* SingleStation */ = {
			isa = PBXGroup;
			children = (
				BFD1532A2133D7D10089B0B0 /* SingleStationViewController.swift */,
				BFD1532E2133E6740089B0B0 /* RealtimeTopTwoViewCell.xib */,
				BF686538213F822F0002B966 /* RealTimeTopTwoCollectionViewCell.swift */,
				BFD1533A2134E8C50089B0B0 /* RealTimeProvideCollectionViewCell.swift */,
				BFD153342134D6D30089B0B0 /* RealTimeProvideModel.swift */,
				BFD153302133E6A50089B0B0 /* RealTimeProvideViewCell.xib */,
				BFD1533C2135212E0089B0B0 /* RealTimeReusableView.swift */,
				BFD153322133E6E50089B0B0 /* RealTimeConsumeViewCell.xib */,
			);
			path = SingleStation;
			sourceTree = "<group>";
		};
		BF686537213E71CE0002B966 /* CustomTreeViewDemos */ = {
			isa = PBXGroup;
			children = (
				BF90913A213CDC690053A795 /* LeftCodeViewController.swift */,
				BF686535213E6DB00002B966 /* LeftViewController.swift */,
				BF68652F213E22660002B966 /* CustomTreeView */,
			);
			path = CustomTreeViewDemos;
			sourceTree = "<group>";
		};
		BF8C9464211812A0001CC587 /* ChartsGroup */ = {
			isa = PBXGroup;
			children = (
				FCCF02862112F39E00CF9E85 /* ChartsTabViewController.swift */,
				FCCF02832112F39D00CF9E85 /* LineButton.swift */,
				FCCF02812112F39D00CF9E85 /* LineChartsViewController.swift */,
				FCCF02842112F39E00CF9E85 /* BarChartsViewController.swift */,
				FCCF02822112F39D00CF9E85 /* PieChartsViewController.swift */,
			);
			path = ChartsGroup;
			sourceTree = "<group>";
		};
		BFD15329213391680089B0B0 /* Personal */ = {
			isa = PBXGroup;
			children = (
				BF642A98211AD89300A32D50 /* 咕咚APP截图操作.pdf */,
				FC2DA0142101CA8A00BAAD9A /* PersonViewController.swift */,
				BF8C94682118139E001CC587 /* PersonalTableViewCell.swift */,
				BF8C946A21183444001CC587 /* PersonTableViewCellModel.swift */,
				BF8D0F5F212BEC5C006631C2 /* AddNavViewController.swift */,
				BF8D0F45212A4CE5006631C2 /* ChangePasswordViewController.swift */,
				BF8D0F47212A9FAE006631C2 /* ChangeNumberPasswordViewController.swift */,
				BF8D0F48212A9FAE006631C2 /* ChangeNumberPasswordViewController.xib */,
				BF8D0F5D212BEAB9006631C2 /* MaxCardViewController.swift */,
				BF642A96211ACEAA00A32D50 /* HelpDocumentViewController.swift */,
			);
			path = Personal;
			sourceTree = "<group>";
		};
		FC81C88F20FED8FA00CF8252 = {
			isa = PBXGroup;
			children = (
				FB8677832133D71F007F6EA8 /* jquery-1.11.1.min.js */,
				FB8677812133D702007F6EA8 /* index.html */,
				FB86777B2133D18C007F6EA8 /* pdf-2.png */,
				FC81C89A20FED8FB00CF8252 /* XinaoEnergy */,
				FC81C89920FED8FB00CF8252 /* Products */,
				9CA390A2A00D15F3E6BB4CA4 /* Pods */,
				19F050945BCF380CF902ACAC /* Frameworks */,
			);
			sourceTree = "<group>";
		};
		FC81C89920FED8FB00CF8252 /* Products */ = {
			isa = PBXGroup;
			children = (
				FC81C89820FED8FB00CF8252 /* XinaoEnergy.app */,
			);
			name = Products;
			sourceTree = "<group>";
		};
		FC81C89A20FED8FB00CF8252 /* XinaoEnergy */ = {
			isa = PBXGroup;
			children = (
				FC81C89B20FED8FB00CF8252 /* AppDelegate.swift */,
				FC81C89D20FED8FB00CF8252 /* ViewController.swift */,
				FC81C89F20FED8FB00CF8252 /* Main.storyboard */,
				FC81C8A220FED8FB00CF8252 /* Assets.xcassets */,
				FC81C8A420FED8FB00CF8252 /* LaunchScreen.storyboard */,
				FC81C8A720FED8FB00CF8252 /* Info.plist */,
				FB8BCE4C2112B0E0005906A6 /* LoginViewController.swift */,
				FB2C8C61210960F200E4EA65 /* BaseViewController.swift */,
				FC8CF18721002FB10059CA72 /* FrameViewController.swift */,
				BF8C9464211812A0001CC587 /* ChartsGroup */,
				FC2DA00E2101C96100BAAD9A /* MainViewController.swift */,
				FC2DA0182106EEF000BAAD9A /* StationViewController.swift */,
				FC2DA01A210706D100BAAD9A /* TableViewController.swift */,
				FC2DA01C21070B7700BAAD9A /* todoModel.swift */,
				FC2DA0102101C9FE00BAAD9A /* KnowLeadgeViewController.swift */,
				FB0EF4DF211749060013229B /* KnowLeadgeTableViewCell.swift */,
				FC2DA0122101CA7300BAAD9A /* IdeaViewController.swift */,
				FCCF02852112F39E00CF9E85 /* PublicParamter.swift */,
				FB590F642113F82D007FFD4C /* Object-c.m */,
				FB590F612113F78B007FFD4C /* OcModule.swift */,
				FB590F632113F82D007FFD4C /* XinaoEnergy-Bridging-Header.h */,
				BFD15329213391680089B0B0 /* Personal */,
				FB71B637211975EC00DA3A58 /* CameraView.swift */,
				FB71B6392119763C00DA3A58 /* CameraViewController.swift */,
				FB1363E12119F09600231C11 /* QrCodeViewController.swift */,
				BF8D0F51212AC0EF006631C2 /* InfoPlist.strings */,
				BF686530213E25280002B966 /* SingleStation */,
				BF0717652138C41A00DE1F73 /* RATreeViewDemo */,
				BF686537213E71CE0002B966 /* CustomTreeViewDemos */,
				BF0509412148BE6400A905BB /* CustomSearchDemo */,
			);
			path = XinaoEnergy;
			sourceTree = "<group>";
		};
/* End PBXGroup section */

/* Begin PBXNativeTarget section */
		FC81C89720FED8FB00CF8252 /* XinaoEnergy */ = {
			isa = PBXNativeTarget;
			buildConfigurationList = FC81C8AA20FED8FB00CF8252 /* Build configuration list for PBXNativeTarget "XinaoEnergy" */;
			buildPhases = (
				2C82F13E885C33EE14A4816E /* [CP] Check Pods Manifest.lock */,
				FC81C89420FED8FB00CF8252 /* Sources */,
				FC81C89520FED8FB00CF8252 /* Frameworks */,
				FC81C89620FED8FB00CF8252 /* Resources */,
				71256882AAF3BCE0E1107E01 /* [CP] Embed Pods Frameworks */,
			);
			buildRules = (
			);
			dependencies = (
			);
			name = XinaoEnergy;
			productName = XinaoEnergy;
			productReference = FC81C89820FED8FB00CF8252 /* XinaoEnergy.app */;
			productType = "com.apple.product-type.application";
		};
/* End PBXNativeTarget section */

/* Begin PBXProject section */
		FC81C89020FED8FA00CF8252 /* Project object */ = {
			isa = PBXProject;
			attributes = {
				LastSwiftUpdateCheck = 0920;
				LastUpgradeCheck = 0940;
				ORGANIZATIONNAME = jun;
				TargetAttributes = {
					FC81C89720FED8FB00CF8252 = {
						CreatedOnToolsVersion = 9.2;
						LastSwiftMigration = 0940;
						ProvisioningStyle = Automatic;
					};
				};
			};
			buildConfigurationList = FC81C89320FED8FA00CF8252 /* Build configuration list for PBXProject "XinaoEnergy" */;
			compatibilityVersion = "Xcode 8.0";
			developmentRegion = en;
			hasScannedForEncodings = 0;
			knownRegions = (
				en,
				Base,
				zh,
				"zh-Hans-CN",
			);
			mainGroup = FC81C88F20FED8FA00CF8252;
			productRefGroup = FC81C89920FED8FB00CF8252 /* Products */;
			projectDirPath = "";
			projectRoot = "";
			targets = (
				FC81C89720FED8FB00CF8252 /* XinaoEnergy */,
			);
		};
/* End PBXProject section */

/* Begin PBXResourcesBuildPhase section */
		FC81C89620FED8FB00CF8252 /* Resources */ = {
			isa = PBXResourcesBuildPhase;
			buildActionMask = 2147483647;
			files = (
				FB8677842133D71F007F6EA8 /* jquery-1.11.1.min.js in Resources */,
				FB8677822133D702007F6EA8 /* index.html in Resources */,
				FB86777E2133D18D007F6EA8 /* pdf-2.png in Resources */,
				BFD1534721366BAE0089B0B0 /* TreeTableViewCell.xib in Resources */,
				BF8D0F4A212A9FAE006631C2 /* ChangeNumberPasswordViewController.xib in Resources */,
				BF8D0F4F212AC0EF006631C2 /* InfoPlist.strings in Resources */,
				FC81C8A620FED8FB00CF8252 /* LaunchScreen.storyboard in Resources */,
				BFD1532F2133E6740089B0B0 /* RealtimeTopTwoViewCell.xib in Resources */,
				FC81C8A320FED8FB00CF8252 /* Assets.xcassets in Resources */,
				BF642A99211AD89400A32D50 /* 咕咚APP截图操作.pdf in Resources */,
				FC81C8A120FED8FB00CF8252 /* Main.storyboard in Resources */,
				BFD153332133E6E50089B0B0 /* RealTimeConsumeViewCell.xib in Resources */,
				BFD153312133E6A50089B0B0 /* RealTimeProvideViewCell.xib in Resources */,
			);
			runOnlyForDeploymentPostprocessing = 0;
		};
/* End PBXResourcesBuildPhase section */

/* Begin PBXShellScriptBuildPhase section */
		2C82F13E885C33EE14A4816E /* [CP] Check Pods Manifest.lock */ = {
			isa = PBXShellScriptBuildPhase;
			buildActionMask = 2147483647;
			files = (
			);
			inputPaths = (
				"${PODS_PODFILE_DIR_PATH}/Podfile.lock",
				"${PODS_ROOT}/Manifest.lock",
			);
			name = "[CP] Check Pods Manifest.lock";
			outputPaths = (
				"$(DERIVED_FILE_DIR)/Pods-XinaoEnergy-checkManifestLockResult.txt",
			);
			runOnlyForDeploymentPostprocessing = 0;
			shellPath = /bin/sh;
			shellScript = "diff \"${PODS_PODFILE_DIR_PATH}/Podfile.lock\" \"${PODS_ROOT}/Manifest.lock\" > /dev/null\nif [ $? != 0 ] ; then\n    # print error to STDERR\n    echo \"error: The sandbox is not in sync with the Podfile.lock. Run 'pod install' or update your CocoaPods installation.\" >&2\n    exit 1\nfi\n# This output is used by Xcode 'outputs' to avoid re-running this script phase.\necho \"SUCCESS\" > \"${SCRIPT_OUTPUT_FILE_0}\"\n";
			showEnvVarsInLog = 0;
		};
		71256882AAF3BCE0E1107E01 /* [CP] Embed Pods Frameworks */ = {
			isa = PBXShellScriptBuildPhase;
			buildActionMask = 2147483647;
			files = (
			);
			inputPaths = (
				"${SRCROOT}/Pods/Target Support Files/Pods-XinaoEnergy/Pods-XinaoEnergy-frameworks.sh",
				"${BUILT_PRODUCTS_DIR}/Alamofire/Alamofire.framework",
				"${BUILT_PRODUCTS_DIR}/Charts/Charts.framework",
				"${BUILT_PRODUCTS_DIR}/CocoaAsyncSocket/CocoaAsyncSocket.framework",
				"${BUILT_PRODUCTS_DIR}/MBProgressHUD/MBProgressHUD.framework",
				"${BUILT_PRODUCTS_DIR}/Neon/Neon.framework",
				"${BUILT_PRODUCTS_DIR}/RATreeView/RATreeView.framework",
				"${BUILT_PRODUCTS_DIR}/SwiftyJSON/SwiftyJSON.framework",
			);
			name = "[CP] Embed Pods Frameworks";
			outputPaths = (
				"${TARGET_BUILD_DIR}/${FRAMEWORKS_FOLDER_PATH}/Alamofire.framework",
				"${TARGET_BUILD_DIR}/${FRAMEWORKS_FOLDER_PATH}/Charts.framework",
				"${TARGET_BUILD_DIR}/${FRAMEWORKS_FOLDER_PATH}/CocoaAsyncSocket.framework",
				"${TARGET_BUILD_DIR}/${FRAMEWORKS_FOLDER_PATH}/MBProgressHUD.framework",
				"${TARGET_BUILD_DIR}/${FRAMEWORKS_FOLDER_PATH}/Neon.framework",
				"${TARGET_BUILD_DIR}/${FRAMEWORKS_FOLDER_PATH}/RATreeView.framework",
				"${TARGET_BUILD_DIR}/${FRAMEWORKS_FOLDER_PATH}/SwiftyJSON.framework",
			);
			runOnlyForDeploymentPostprocessing = 0;
			shellPath = /bin/sh;
			shellScript = "\"${SRCROOT}/Pods/Target Support Files/Pods-XinaoEnergy/Pods-XinaoEnergy-frameworks.sh\"\n";
			showEnvVarsInLog = 0;
		};
/* End PBXShellScriptBuildPhase section */

/* Begin PBXSourcesBuildPhase section */
		FC81C89420FED8FB00CF8252 /* Sources */ = {
			isa = PBXSourcesBuildPhase;
			buildActionMask = 2147483647;
			files = (
				FB0EF4E0211749060013229B /* KnowLeadgeTableViewCell.swift in Sources */,
				BFD1533B2134E8C50089B0B0 /* RealTimeProvideCollectionViewCell.swift in Sources */,
				BF8D0F5E212BEAB9006631C2 /* MaxCardViewController.swift in Sources */,
				FCCF02872112F39E00CF9E85 /* LineChartsViewController.swift in Sources */,
				BFD1534121364A540089B0B0 /* LeftTreeViewTableViewCell.swift in Sources */,
				BF686536213E6DB00002B966 /* LeftViewController.swift in Sources */,
				BFD1534621366BAE0089B0B0 /* TreeTableViewCell.swift in Sources */,
				FCCF02882112F39E00CF9E85 /* PieChartsViewController.swift in Sources */,
				BF09CA0E214653DC008F5EB5 /* SearchViewController.swift in Sources */,
				FCCF02892112F39E00CF9E85 /* LineButton.swift in Sources */,
				BF8D0F49212A9FAE006631C2 /* ChangeNumberPasswordViewController.swift in Sources */,
				BFD1534321366B430089B0B0 /* DataObject.swift in Sources */,
				FCCF028A2112F39E00CF9E85 /* BarChartsViewController.swift in Sources */,
				FCCF028B2112F39E00CF9E85 /* PublicParamter.swift in Sources */,
				BF09CA0C21463E52008F5EB5 /* CustomSearchViewController.swift in Sources */,
				BF90913B213CDC690053A795 /* LeftCodeViewController.swift in Sources */,
				FCCF028C2112F39E00CF9E85 /* ChartsTabViewController.swift in Sources */,
				FB8BCE4D2112B0E0005906A6 /* LoginViewController.swift in Sources */,
				FB590F622113F78B007FFD4C /* OcModule.swift in Sources */,
				FB590F652113F82D007FFD4C /* Object-c.m in Sources */,
				BF686534213E686C0002B966 /* LeftTreeView.swift in Sources */,
				BFD1533F213648480089B0B0 /* LeftTreeViewController.swift in Sources */,
				FC8CF18821002FB10059CA72 /* FrameViewController.swift in Sources */,
				FC2DA0132101CA7300BAAD9A /* IdeaViewController.swift in Sources */,
				FB2C8C62210960F200E4EA65 /* BaseViewController.swift in Sources */,
				BF8D0F46212A4CE5006631C2 /* ChangePasswordViewController.swift in Sources */,
				FC81C89E20FED8FB00CF8252 /* ViewController.swift in Sources */,
				FC81C89C20FED8FB00CF8252 /* AppDelegate.swift in Sources */,
				BF8D0F60212BEC5C006631C2 /* AddNavViewController.swift in Sources */,
				FB71B638211975EC00DA3A58 /* CameraView.swift in Sources */,
				FB71B63A2119763C00DA3A58 /* CameraViewController.swift in Sources */,
				FC2DA00F2101C96100BAAD9A /* MainViewController.swift in Sources */,
				BFD153352134D6D30089B0B0 /* RealTimeProvideModel.swift in Sources */,
				BF642A97211ACEAA00A32D50 /* HelpDocumentViewController.swift in Sources */,
				BF686539213F822F0002B966 /* RealTimeTopTwoCollectionViewCell.swift in Sources */,
				BF8C946B21183444001CC587 /* PersonTableViewCellModel.swift in Sources */,
				FC2DA0112101C9FE00BAAD9A /* KnowLeadgeViewController.swift in Sources */,
				FB1363E22119F09600231C11 /* QrCodeViewController.swift in Sources */,
				BF8C94692118139E001CC587 /* PersonalTableViewCell.swift in Sources */,
				BF90913D213CF95F0053A795 /* LeftCellCodeModel.swift in Sources */,
				FC2DA0152101CA8A00BAAD9A /* PersonViewController.swift in Sources */,
				FC2DA01D21070B7700BAAD9A /* todoModel.swift in Sources */,
				BFD1533D2135212E0089B0B0 /* RealTimeReusableView.swift in Sources */,
				BFD1532B2133D7D10089B0B0 /* SingleStationViewController.swift in Sources */,
				FC2DA01B210706D100BAAD9A /* TableViewController.swift in Sources */,
				FC2DA0192106EEF000BAAD9A /* StationViewController.swift in Sources */,
			);
			runOnlyForDeploymentPostprocessing = 0;
		};
/* End PBXSourcesBuildPhase section */

/* Begin PBXVariantGroup section */
		BF8D0F51212AC0EF006631C2 /* InfoPlist.strings */ = {
			isa = PBXVariantGroup;
			children = (
				BF8D0F50212AC0EF006631C2 /* zh-Hans */,
				BF8D0F52212AC0F5006631C2 /* en */,
				BF8D0F55212B97A7006631C2 /* zh */,
				BF8D0F58212B97D6006631C2 /* zh-Hans-CN */,
			);
			name = InfoPlist.strings;
			sourceTree = "<group>";
		};
		FC81C89F20FED8FB00CF8252 /* Main.storyboard */ = {
			isa = PBXVariantGroup;
			children = (
				FC81C8A020FED8FB00CF8252 /* Base */,
				BF8D0F4B212ABE48006631C2 /* zh-Hans */,
				BF8D0F53212B97A7006631C2 /* zh */,
				BF8D0F56212B97D5006631C2 /* zh-Hans-CN */,
			);
			name = Main.storyboard;
			sourceTree = "<group>";
			usesTabs = 1;
		};
		FC81C8A420FED8FB00CF8252 /* LaunchScreen.storyboard */ = {
			isa = PBXVariantGroup;
			children = (
				FC81C8A520FED8FB00CF8252 /* Base */,
				BF8D0F4C212ABE48006631C2 /* zh-Hans */,
				BF8D0F54212B97A7006631C2 /* zh */,
				BF8D0F57212B97D5006631C2 /* zh-Hans-CN */,
			);
			name = LaunchScreen.storyboard;
			sourceTree = "<group>";
		};
/* End PBXVariantGroup section */

/* Begin XCBuildConfiguration section */
		FC81C8A820FED8FB00CF8252 /* Debug */ = {
			isa = XCBuildConfiguration;
			buildSettings = {
				ALWAYS_SEARCH_USER_PATHS = NO;
				CLANG_ANALYZER_LOCALIZABILITY_NONLOCALIZED = YES;
				CLANG_ANALYZER_NONNULL = YES;
				CLANG_ANALYZER_NUMBER_OBJECT_CONVERSION = YES_AGGRESSIVE;
				CLANG_CXX_LANGUAGE_STANDARD = "gnu++14";
				CLANG_CXX_LIBRARY = "libc++";
				CLANG_ENABLE_MODULES = YES;
				CLANG_ENABLE_OBJC_ARC = YES;
				CLANG_WARN_BLOCK_CAPTURE_AUTORELEASING = YES;
				CLANG_WARN_BOOL_CONVERSION = YES;
				CLANG_WARN_COMMA = YES;
				CLANG_WARN_CONSTANT_CONVERSION = YES;
				CLANG_WARN_DEPRECATED_OBJC_IMPLEMENTATIONS = YES;
				CLANG_WARN_DIRECT_OBJC_ISA_USAGE = YES_ERROR;
				CLANG_WARN_DOCUMENTATION_COMMENTS = YES;
				CLANG_WARN_EMPTY_BODY = YES;
				CLANG_WARN_ENUM_CONVERSION = YES;
				CLANG_WARN_INFINITE_RECURSION = YES;
				CLANG_WARN_INT_CONVERSION = YES;
				CLANG_WARN_NON_LITERAL_NULL_CONVERSION = YES;
				CLANG_WARN_OBJC_IMPLICIT_RETAIN_SELF = YES;
				CLANG_WARN_OBJC_LITERAL_CONVERSION = YES;
				CLANG_WARN_OBJC_ROOT_CLASS = YES_ERROR;
				CLANG_WARN_RANGE_LOOP_ANALYSIS = YES;
				CLANG_WARN_STRICT_PROTOTYPES = YES;
				CLANG_WARN_SUSPICIOUS_MOVE = YES;
				CLANG_WARN_UNGUARDED_AVAILABILITY = YES_AGGRESSIVE;
				CLANG_WARN_UNREACHABLE_CODE = YES;
				CLANG_WARN__DUPLICATE_METHOD_MATCH = YES;
				CODE_SIGN_IDENTITY = "iPhone Developer";
				COPY_PHASE_STRIP = NO;
				DEBUG_INFORMATION_FORMAT = dwarf;
				ENABLE_STRICT_OBJC_MSGSEND = YES;
				ENABLE_TESTABILITY = YES;
				GCC_C_LANGUAGE_STANDARD = gnu11;
				GCC_DYNAMIC_NO_PIC = NO;
				GCC_NO_COMMON_BLOCKS = YES;
				GCC_OPTIMIZATION_LEVEL = 0;
				GCC_PREPROCESSOR_DEFINITIONS = (
					"DEBUG=1",
					"$(inherited)",
				);
				GCC_WARN_64_TO_32_BIT_CONVERSION = YES;
				GCC_WARN_ABOUT_RETURN_TYPE = YES_ERROR;
				GCC_WARN_UNDECLARED_SELECTOR = YES;
				GCC_WARN_UNINITIALIZED_AUTOS = YES_AGGRESSIVE;
				GCC_WARN_UNUSED_FUNCTION = YES;
				GCC_WARN_UNUSED_VARIABLE = YES;
				IPHONEOS_DEPLOYMENT_TARGET = 11.2;
				MTL_ENABLE_DEBUG_INFO = YES;
				ONLY_ACTIVE_ARCH = YES;
				SDKROOT = iphoneos;
				SWIFT_ACTIVE_COMPILATION_CONDITIONS = DEBUG;
				SWIFT_OPTIMIZATION_LEVEL = "-Onone";
			};
			name = Debug;
		};
		FC81C8A920FED8FB00CF8252 /* Release */ = {
			isa = XCBuildConfiguration;
			buildSettings = {
				ALWAYS_SEARCH_USER_PATHS = NO;
				CLANG_ANALYZER_LOCALIZABILITY_NONLOCALIZED = YES;
				CLANG_ANALYZER_NONNULL = YES;
				CLANG_ANALYZER_NUMBER_OBJECT_CONVERSION = YES_AGGRESSIVE;
				CLANG_CXX_LANGUAGE_STANDARD = "gnu++14";
				CLANG_CXX_LIBRARY = "libc++";
				CLANG_ENABLE_MODULES = YES;
				CLANG_ENABLE_OBJC_ARC = YES;
				CLANG_WARN_BLOCK_CAPTURE_AUTORELEASING = YES;
				CLANG_WARN_BOOL_CONVERSION = YES;
				CLANG_WARN_COMMA = YES;
				CLANG_WARN_CONSTANT_CONVERSION = YES;
				CLANG_WARN_DEPRECATED_OBJC_IMPLEMENTATIONS = YES;
				CLANG_WARN_DIRECT_OBJC_ISA_USAGE = YES_ERROR;
				CLANG_WARN_DOCUMENTATION_COMMENTS = YES;
				CLANG_WARN_EMPTY_BODY = YES;
				CLANG_WARN_ENUM_CONVERSION = YES;
				CLANG_WARN_INFINITE_RECURSION = YES;
				CLANG_WARN_INT_CONVERSION = YES;
				CLANG_WARN_NON_LITERAL_NULL_CONVERSION = YES;
				CLANG_WARN_OBJC_IMPLICIT_RETAIN_SELF = YES;
				CLANG_WARN_OBJC_LITERAL_CONVERSION = YES;
				CLANG_WARN_OBJC_ROOT_CLASS = YES_ERROR;
				CLANG_WARN_RANGE_LOOP_ANALYSIS = YES;
				CLANG_WARN_STRICT_PROTOTYPES = YES;
				CLANG_WARN_SUSPICIOUS_MOVE = YES;
				CLANG_WARN_UNGUARDED_AVAILABILITY = YES_AGGRESSIVE;
				CLANG_WARN_UNREACHABLE_CODE = YES;
				CLANG_WARN__DUPLICATE_METHOD_MATCH = YES;
				CODE_SIGN_IDENTITY = "iPhone Developer";
				COPY_PHASE_STRIP = NO;
				DEBUG_INFORMATION_FORMAT = "dwarf-with-dsym";
				ENABLE_NS_ASSERTIONS = NO;
				ENABLE_STRICT_OBJC_MSGSEND = YES;
				GCC_C_LANGUAGE_STANDARD = gnu11;
				GCC_NO_COMMON_BLOCKS = YES;
				GCC_WARN_64_TO_32_BIT_CONVERSION = YES;
				GCC_WARN_ABOUT_RETURN_TYPE = YES_ERROR;
				GCC_WARN_UNDECLARED_SELECTOR = YES;
				GCC_WARN_UNINITIALIZED_AUTOS = YES_AGGRESSIVE;
				GCC_WARN_UNUSED_FUNCTION = YES;
				GCC_WARN_UNUSED_VARIABLE = YES;
				IPHONEOS_DEPLOYMENT_TARGET = 11.2;
				MTL_ENABLE_DEBUG_INFO = NO;
				SDKROOT = iphoneos;
				SWIFT_OPTIMIZATION_LEVEL = "-Owholemodule";
				VALIDATE_PRODUCT = YES;
			};
			name = Release;
		};
		FC81C8AB20FED8FB00CF8252 /* Debug */ = {
			isa = XCBuildConfiguration;
			baseConfigurationReference = 50B58BDC1289AC312589528B /* Pods-XinaoEnergy.debug.xcconfig */;
			buildSettings = {
				ASSETCATALOG_COMPILER_APPICON_NAME = AppIcon;
				CLANG_ENABLE_MODULES = YES;
				CODE_SIGN_IDENTITY = "iPhone Developer";
				CODE_SIGN_STYLE = Automatic;
				DEFINES_MODULE = YES;
				DEVELOPMENT_TEAM = 5GVSBZG2D3;
				ENABLE_BITCODE = YES;
				INFOPLIST_FILE = XinaoEnergy/Info.plist;
				IPHONEOS_DEPLOYMENT_TARGET = 10.0;
				LD_RUNPATH_SEARCH_PATHS = "$(inherited) @executable_path/Frameworks";
				PRODUCT_BUNDLE_IDENTIFIER = com.xinao.XinaoEnergy;
				PRODUCT_NAME = "$(TARGET_NAME)";
				PROVISIONING_PROFILE_SPECIFIER = "";
				SWIFT_OBJC_BRIDGING_HEADER = "XinaoEnergy/XinaoEnergy-Bridging-Header.h";
				SWIFT_OPTIMIZATION_LEVEL = "-Onone";
				SWIFT_VERSION = 4.0;
				TARGETED_DEVICE_FAMILY = 1;
				USER_HEADER_SEARCH_PATHS = "${SRCROOT}/**";
			};
			name = Debug;
		};
		FC81C8AC20FED8FB00CF8252 /* Release */ = {
			isa = XCBuildConfiguration;
			baseConfigurationReference = 2D7E43E89551CB8BF6FBD79F /* Pods-XinaoEnergy.release.xcconfig */;
			buildSettings = {
				ASSETCATALOG_COMPILER_APPICON_NAME = AppIcon;
				CLANG_ENABLE_MODULES = YES;
				CODE_SIGN_IDENTITY = "iPhone Developer";
				CODE_SIGN_STYLE = Automatic;
				DEFINES_MODULE = YES;
				DEVELOPMENT_TEAM = 5GVSBZG2D3;
				ENABLE_BITCODE = YES;
				INFOPLIST_FILE = XinaoEnergy/Info.plist;
				IPHONEOS_DEPLOYMENT_TARGET = 10.0;
				LD_RUNPATH_SEARCH_PATHS = "$(inherited) @executable_path/Frameworks";
				PRODUCT_BUNDLE_IDENTIFIER = com.xinao.XinaoEnergy;
				PRODUCT_NAME = "$(TARGET_NAME)";
				PROVISIONING_PROFILE_SPECIFIER = "";
				SWIFT_OBJC_BRIDGING_HEADER = "XinaoEnergy/XinaoEnergy-Bridging-Header.h";
				SWIFT_VERSION = 4.0;
				TARGETED_DEVICE_FAMILY = 1;
				USER_HEADER_SEARCH_PATHS = "${SRCROOT}/**";
			};
			name = Release;
		};
/* End XCBuildConfiguration section */

/* Begin XCConfigurationList section */
		FC81C89320FED8FA00CF8252 /* Build configuration list for PBXProject "XinaoEnergy" */ = {
			isa = XCConfigurationList;
			buildConfigurations = (
				FC81C8A820FED8FB00CF8252 /* Debug */,
				FC81C8A920FED8FB00CF8252 /* Release */,
			);
			defaultConfigurationIsVisible = 0;
			defaultConfigurationName = Release;
		};
		FC81C8AA20FED8FB00CF8252 /* Build configuration list for PBXNativeTarget "XinaoEnergy" */ = {
			isa = XCConfigurationList;
			buildConfigurations = (
				FC81C8AB20FED8FB00CF8252 /* Debug */,
				FC81C8AC20FED8FB00CF8252 /* Release */,
			);
			defaultConfigurationIsVisible = 0;
			defaultConfigurationName = Release;
		};
/* End XCConfigurationList section */
	};
	rootObject = FC81C89020FED8FA00CF8252 /* Project object */;
}
