// !$*UTF8*$!
{
	archiveVersion = 1;
	classes = {
	};
	objectVersion = 48;
	objects = {

/* Begin PBXBuildFile section */
		BE9A1EB2448D4E532E1746D6 /* Pods_XinaoEnergy.framework in Frameworks */ = {isa = PBXBuildFile; fileRef = BAC1B780C6593CC8A5B3565B /* Pods_XinaoEnergy.framework */; };
		FB2C8C62210960F200E4EA65 /* BaseViewController.swift in Sources */ = {isa = PBXBuildFile; fileRef = FB2C8C61210960F200E4EA65 /* BaseViewController.swift */; };
		FB8BCE4D2112B0E0005906A6 /* LoginViewController.swift in Sources */ = {isa = PBXBuildFile; fileRef = FB8BCE4C2112B0E0005906A6 /* LoginViewController.swift */; };
		FC2DA00F2101C96100BAAD9A /* MainViewController.swift in Sources */ = {isa = PBXBuildFile; fileRef = FC2DA00E2101C96100BAAD9A /* MainViewController.swift */; };
		FC2DA0112101C9FE00BAAD9A /* KnowLeadgeViewController.swift in Sources */ = {isa = PBXBuildFile; fileRef = FC2DA0102101C9FE00BAAD9A /* KnowLeadgeViewController.swift */; };
		FC2DA0132101CA7300BAAD9A /* IdeaViewController.swift in Sources */ = {isa = PBXBuildFile; fileRef = FC2DA0122101CA7300BAAD9A /* IdeaViewController.swift */; };
		FC2DA0152101CA8A00BAAD9A /* PersonViewController.swift in Sources */ = {isa = PBXBuildFile; fileRef = FC2DA0142101CA8A00BAAD9A /* PersonViewController.swift */; };
		FC2DA0192106EEF000BAAD9A /* StationViewController.swift in Sources */ = {isa = PBXBuildFile; fileRef = FC2DA0182106EEF000BAAD9A /* StationViewController.swift */; };
		FC2DA01B210706D100BAAD9A /* TableViewController.swift in Sources */ = {isa = PBXBuildFile; fileRef = FC2DA01A210706D100BAAD9A /* TableViewController.swift */; };
		FC2DA01D21070B7700BAAD9A /* todoModel.swift in Sources */ = {isa = PBXBuildFile; fileRef = FC2DA01C21070B7700BAAD9A /* todoModel.swift */; };
		FC81C89C20FED8FB00CF8252 /* AppDelegate.swift in Sources */ = {isa = PBXBuildFile; fileRef = FC81C89B20FED8FB00CF8252 /* AppDelegate.swift */; };
		FC81C89E20FED8FB00CF8252 /* ViewController.swift in Sources */ = {isa = PBXBuildFile; fileRef = FC81C89D20FED8FB00CF8252 /* ViewController.swift */; };
		FC81C8A120FED8FB00CF8252 /* Main.storyboard in Resources */ = {isa = PBXBuildFile; fileRef = FC81C89F20FED8FB00CF8252 /* Main.storyboard */; };
		FC81C8A320FED8FB00CF8252 /* Assets.xcassets in Resources */ = {isa = PBXBuildFile; fileRef = FC81C8A220FED8FB00CF8252 /* Assets.xcassets */; };
		FC81C8A620FED8FB00CF8252 /* LaunchScreen.storyboard in Resources */ = {isa = PBXBuildFile; fileRef = FC81C8A420FED8FB00CF8252 /* LaunchScreen.storyboard */; };
		FC8CF18821002FB10059CA72 /* FrameViewController.swift in Sources */ = {isa = PBXBuildFile; fileRef = FC8CF18721002FB10059CA72 /* FrameViewController.swift */; };
		FCCF02872112F39E00CF9E85 /* LineChartsViewController.swift in Sources */ = {isa = PBXBuildFile; fileRef = FCCF02812112F39D00CF9E85 /* LineChartsViewController.swift */; };
		FCCF02882112F39E00CF9E85 /* PieChartsViewController.swift in Sources */ = {isa = PBXBuildFile; fileRef = FCCF02822112F39D00CF9E85 /* PieChartsViewController.swift */; };
		FCCF02892112F39E00CF9E85 /* LineButton.swift in Sources */ = {isa = PBXBuildFile; fileRef = FCCF02832112F39D00CF9E85 /* LineButton.swift */; };
		FCCF028A2112F39E00CF9E85 /* BarChartsViewController.swift in Sources */ = {isa = PBXBuildFile; fileRef = FCCF02842112F39E00CF9E85 /* BarChartsViewController.swift */; };
		FCCF028B2112F39E00CF9E85 /* PublicParamter.swift in Sources */ = {isa = PBXBuildFile; fileRef = FCCF02852112F39E00CF9E85 /* PublicParamter.swift */; };
		FCCF028C2112F39E00CF9E85 /* ChartsTabViewController.swift in Sources */ = {isa = PBXBuildFile; fileRef = FCCF02862112F39E00CF9E85 /* ChartsTabViewController.swift */; };
/* End PBXBuildFile section */

/* Begin PBXFileReference section */
		2D7E43E89551CB8BF6FBD79F /* Pods-XinaoEnergy.release.xcconfig */ = {isa = PBXFileReference; includeInIndex = 1; lastKnownFileType = text.xcconfig; name = "Pods-XinaoEnergy.release.xcconfig"; path = "Pods/Target Support Files/Pods-XinaoEnergy/Pods-XinaoEnergy.release.xcconfig"; sourceTree = "<group>"; };
		50B58BDC1289AC312589528B /* Pods-XinaoEnergy.debug.xcconfig */ = {isa = PBXFileReference; includeInIndex = 1; lastKnownFileType = text.xcconfig; name = "Pods-XinaoEnergy.debug.xcconfig"; path = "Pods/Target Support Files/Pods-XinaoEnergy/Pods-XinaoEnergy.debug.xcconfig"; sourceTree = "<group>"; };
		BAC1B780C6593CC8A5B3565B /* Pods_XinaoEnergy.framework */ = {isa = PBXFileReference; explicitFileType = wrapper.framework; includeInIndex = 0; path = Pods_XinaoEnergy.framework; sourceTree = BUILT_PRODUCTS_DIR; };
		FB2C8C61210960F200E4EA65 /* BaseViewController.swift */ = {isa = PBXFileReference; lastKnownFileType = sourcecode.swift; path = BaseViewController.swift; sourceTree = "<group>"; };
		FB8BCE4C2112B0E0005906A6 /* LoginViewController.swift */ = {isa = PBXFileReference; lastKnownFileType = sourcecode.swift; path = LoginViewController.swift; sourceTree = "<group>"; };
		FC2DA00E2101C96100BAAD9A /* MainViewController.swift */ = {isa = PBXFileReference; lastKnownFileType = sourcecode.swift; path = MainViewController.swift; sourceTree = "<group>"; };
		FC2DA0102101C9FE00BAAD9A /* KnowLeadgeViewController.swift */ = {isa = PBXFileReference; lastKnownFileType = sourcecode.swift; path = KnowLeadgeViewController.swift; sourceTree = "<group>"; };
		FC2DA0122101CA7300BAAD9A /* IdeaViewController.swift */ = {isa = PBXFileReference; lastKnownFileType = sourcecode.swift; path = IdeaViewController.swift; sourceTree = "<group>"; };
		FC2DA0142101CA8A00BAAD9A /* PersonViewController.swift */ = {isa = PBXFileReference; lastKnownFileType = sourcecode.swift; path = PersonViewController.swift; sourceTree = "<group>"; };
		FC2DA0182106EEF000BAAD9A /* StationViewController.swift */ = {isa = PBXFileReference; lastKnownFileType = sourcecode.swift; path = StationViewController.swift; sourceTree = "<group>"; };
		FC2DA01A210706D100BAAD9A /* TableViewController.swift */ = {isa = PBXFileReference; lastKnownFileType = sourcecode.swift; path = TableViewController.swift; sourceTree = "<group>"; };
		FC2DA01C21070B7700BAAD9A /* todoModel.swift */ = {isa = PBXFileReference; lastKnownFileType = sourcecode.swift; path = todoModel.swift; sourceTree = "<group>"; };
		FC81C89820FED8FB00CF8252 /* XinaoEnergy.app */ = {isa = PBXFileReference; explicitFileType = wrapper.application; includeInIndex = 0; path = XinaoEnergy.app; sourceTree = BUILT_PRODUCTS_DIR; };
		FC81C89B20FED8FB00CF8252 /* AppDelegate.swift */ = {isa = PBXFileReference; lastKnownFileType = sourcecode.swift; path = AppDelegate.swift; sourceTree = "<group>"; };
		FC81C89D20FED8FB00CF8252 /* ViewController.swift */ = {isa = PBXFileReference; lastKnownFileType = sourcecode.swift; path = ViewController.swift; sourceTree = "<group>"; };
		FC81C8A020FED8FB00CF8252 /* Base */ = {isa = PBXFileReference; lastKnownFileType = file.storyboard; name = Base; path = Base.lproj/Main.storyboard; sourceTree = "<group>"; };
		FC81C8A220FED8FB00CF8252 /* Assets.xcassets */ = {isa = PBXFileReference; lastKnownFileType = folder.assetcatalog; path = Assets.xcassets; sourceTree = "<group>"; };
		FC81C8A520FED8FB00CF8252 /* Base */ = {isa = PBXFileReference; lastKnownFileType = file.storyboard; name = Base; path = Base.lproj/LaunchScreen.storyboard; sourceTree = "<group>"; };
		FC81C8A720FED8FB00CF8252 /* Info.plist */ = {isa = PBXFileReference; lastKnownFileType = text.plist.xml; path = Info.plist; sourceTree = "<group>"; };
		FC8CF18721002FB10059CA72 /* FrameViewController.swift */ = {isa = PBXFileReference; lastKnownFileType = sourcecode.swift; path = FrameViewController.swift; sourceTree = "<group>"; };
		FCCF02812112F39D00CF9E85 /* LineChartsViewController.swift */ = {isa = PBXFileReference; lastKnownFileType = sourcecode.swift; path = LineChartsViewController.swift; sourceTree = "<group>"; };
		FCCF02822112F39D00CF9E85 /* PieChartsViewController.swift */ = {isa = PBXFileReference; lastKnownFileType = sourcecode.swift; path = PieChartsViewController.swift; sourceTree = "<group>"; };
		FCCF02832112F39D00CF9E85 /* LineButton.swift */ = {isa = PBXFileReference; lastKnownFileType = sourcecode.swift; path = LineButton.swift; sourceTree = "<group>"; };
		FCCF02842112F39E00CF9E85 /* BarChartsViewController.swift */ = {isa = PBXFileReference; lastKnownFileType = sourcecode.swift; path = BarChartsViewController.swift; sourceTree = "<group>"; };
		FCCF02852112F39E00CF9E85 /* PublicParamter.swift */ = {isa = PBXFileReference; lastKnownFileType = sourcecode.swift; path = PublicParamter.swift; sourceTree = "<group>"; };
		FCCF02862112F39E00CF9E85 /* ChartsTabViewController.swift */ = {isa = PBXFileReference; lastKnownFileType = sourcecode.swift; path = ChartsTabViewController.swift; sourceTree = "<group>"; };
/* End PBXFileReference section */

/* Begin PBXFrameworksBuildPhase section */
		FC81C89520FED8FB00CF8252 /* Frameworks */ = {
			isa = PBXFrameworksBuildPhase;
			buildActionMask = 2147483647;
			files = (
				BE9A1EB2448D4E532E1746D6 /* Pods_XinaoEnergy.framework in Frameworks */,
			);
			runOnlyForDeploymentPostprocessing = 0;
		};
/* End PBXFrameworksBuildPhase section */

/* Begin PBXGroup section */
		19F050945BCF380CF902ACAC /* Frameworks */ = {
			isa = PBXGroup;
			children = (
				BAC1B780C6593CC8A5B3565B /* Pods_XinaoEnergy.framework */,
			);
			name = Frameworks;
			sourceTree = "<group>";
		};
		9CA390A2A00D15F3E6BB4CA4 /* Pods */ = {
			isa = PBXGroup;
			children = (
				50B58BDC1289AC312589528B /* Pods-XinaoEnergy.debug.xcconfig */,
				2D7E43E89551CB8BF6FBD79F /* Pods-XinaoEnergy.release.xcconfig */,
			);
			name = Pods;
			sourceTree = "<group>";
		};
		FC81C88F20FED8FA00CF8252 = {
			isa = PBXGroup;
			children = (
				FC81C89A20FED8FB00CF8252 /* XinaoEnergy */,
				FC81C89920FED8FB00CF8252 /* Products */,
				9CA390A2A00D15F3E6BB4CA4 /* Pods */,
				19F050945BCF380CF902ACAC /* Frameworks */,
			);
			sourceTree = "<group>";
		};
		FC81C89920FED8FB00CF8252 /* Products */ = {
			isa = PBXGroup;
			children = (
				FC81C89820FED8FB00CF8252 /* XinaoEnergy.app */,
			);
			name = Products;
			sourceTree = "<group>";
		};
		FC81C89A20FED8FB00CF8252 /* XinaoEnergy */ = {
			isa = PBXGroup;
			children = (
				FC81C89B20FED8FB00CF8252 /* AppDelegate.swift */,
				FC81C89D20FED8FB00CF8252 /* ViewController.swift */,
				FC81C89F20FED8FB00CF8252 /* Main.storyboard */,
				FC81C8A220FED8FB00CF8252 /* Assets.xcassets */,
				FC81C8A420FED8FB00CF8252 /* LaunchScreen.storyboard */,
				FC81C8A720FED8FB00CF8252 /* Info.plist */,
				FC8CF18721002FB10059CA72 /* FrameViewController.swift */,
				FC2DA00E2101C96100BAAD9A /* MainViewController.swift */,
				FC2DA0102101C9FE00BAAD9A /* KnowLeadgeViewController.swift */,
				FC2DA0122101CA7300BAAD9A /* IdeaViewController.swift */,
				FC2DA0142101CA8A00BAAD9A /* PersonViewController.swift */,
				FC2DA0182106EEF000BAAD9A /* StationViewController.swift */,
				FC2DA01A210706D100BAAD9A /* TableViewController.swift */,
				FC2DA01C21070B7700BAAD9A /* todoModel.swift */,
				FB2C8C61210960F200E4EA65 /* BaseViewController.swift */,
				FB8BCE4C2112B0E0005906A6 /* LoginViewController.swift */,
				FCCF02862112F39E00CF9E85 /* ChartsTabViewController.swift */,
				FCCF02832112F39D00CF9E85 /* LineButton.swift */,
				FCCF02842112F39E00CF9E85 /* BarChartsViewController.swift */,
				FCCF02812112F39D00CF9E85 /* LineChartsViewController.swift */,
				FCCF02822112F39D00CF9E85 /* PieChartsViewController.swift */,
				FCCF02852112F39E00CF9E85 /* PublicParamter.swift */,
			);
			path = XinaoEnergy;
			sourceTree = "<group>";
		};
/* End PBXGroup section */

/* Begin PBXNativeTarget section */
		FC81C89720FED8FB00CF8252 /* XinaoEnergy */ = {
			isa = PBXNativeTarget;
			buildConfigurationList = FC81C8AA20FED8FB00CF8252 /* Build configuration list for PBXNativeTarget "XinaoEnergy" */;
			buildPhases = (
				2C82F13E885C33EE14A4816E /* [CP] Check Pods Manifest.lock */,
				FC81C89420FED8FB00CF8252 /* Sources */,
				FC81C89520FED8FB00CF8252 /* Frameworks */,
				FC81C89620FED8FB00CF8252 /* Resources */,
				71256882AAF3BCE0E1107E01 /* [CP] Embed Pods Frameworks */,
				06D130A1532C8D1778439AF2 /* [CP] Copy Pods Resources */,
			);
			buildRules = (
			);
			dependencies = (
			);
			name = XinaoEnergy;
			productName = XinaoEnergy;
			productReference = FC81C89820FED8FB00CF8252 /* XinaoEnergy.app */;
			productType = "com.apple.product-type.application";
		};
/* End PBXNativeTarget section */

/* Begin PBXProject section */
		FC81C89020FED8FA00CF8252 /* Project object */ = {
			isa = PBXProject;
			attributes = {
				LastSwiftUpdateCheck = 0920;
				LastUpgradeCheck = 0920;
				ORGANIZATIONNAME = jun;
				TargetAttributes = {
					FC81C89720FED8FB00CF8252 = {
						CreatedOnToolsVersion = 9.2;
						ProvisioningStyle = Automatic;
					};
				};
			};
			buildConfigurationList = FC81C89320FED8FA00CF8252 /* Build configuration list for PBXProject "XinaoEnergy" */;
			compatibilityVersion = "Xcode 8.0";
			developmentRegion = en;
			hasScannedForEncodings = 0;
			knownRegions = (
				en,
				Base,
			);
			mainGroup = FC81C88F20FED8FA00CF8252;
			productRefGroup = FC81C89920FED8FB00CF8252 /* Products */;
			projectDirPath = "";
			projectRoot = "";
			targets = (
				FC81C89720FED8FB00CF8252 /* XinaoEnergy */,
			);
		};
/* End PBXProject section */

/* Begin PBXResourcesBuildPhase section */
		FC81C89620FED8FB00CF8252 /* Resources */ = {
			isa = PBXResourcesBuildPhase;
			buildActionMask = 2147483647;
			files = (
				FC81C8A620FED8FB00CF8252 /* LaunchScreen.storyboard in Resources */,
				FC81C8A320FED8FB00CF8252 /* Assets.xcassets in Resources */,
				FC81C8A120FED8FB00CF8252 /* Main.storyboard in Resources */,
			);
			runOnlyForDeploymentPostprocessing = 0;
		};
/* End PBXResourcesBuildPhase section */

/* Begin PBXShellScriptBuildPhase section */
		06D130A1532C8D1778439AF2 /* [CP] Copy Pods Resources */ = {
			isa = PBXShellScriptBuildPhase;
			buildActionMask = 2147483647;
			files = (
			);
			inputPaths = (
			);
			name = "[CP] Copy Pods Resources";
			outputPaths = (
			);
			runOnlyForDeploymentPostprocessing = 0;
			shellPath = /bin/sh;
			shellScript = "\"${SRCROOT}/Pods/Target Support Files/Pods-XinaoEnergy/Pods-XinaoEnergy-resources.sh\"\n";
			showEnvVarsInLog = 0;
		};
		2C82F13E885C33EE14A4816E /* [CP] Check Pods Manifest.lock */ = {
			isa = PBXShellScriptBuildPhase;
			buildActionMask = 2147483647;
			files = (
			);
			inputPaths = (
				"${PODS_PODFILE_DIR_PATH}/Podfile.lock",
				"${PODS_ROOT}/Manifest.lock",
			);
			name = "[CP] Check Pods Manifest.lock";
			outputPaths = (
				"$(DERIVED_FILE_DIR)/Pods-XinaoEnergy-checkManifestLockResult.txt",
			);
			runOnlyForDeploymentPostprocessing = 0;
			shellPath = /bin/sh;
			shellScript = "diff \"${PODS_PODFILE_DIR_PATH}/Podfile.lock\" \"${PODS_ROOT}/Manifest.lock\" > /dev/null\nif [ $? != 0 ] ; then\n    # print error to STDERR\n    echo \"error: The sandbox is not in sync with the Podfile.lock. Run 'pod install' or update your CocoaPods installation.\" >&2\n    exit 1\nfi\n# This output is used by Xcode 'outputs' to avoid re-running this script phase.\necho \"SUCCESS\" > \"${SCRIPT_OUTPUT_FILE_0}\"\n";
			showEnvVarsInLog = 0;
		};
		71256882AAF3BCE0E1107E01 /* [CP] Embed Pods Frameworks */ = {
			isa = PBXShellScriptBuildPhase;
			buildActionMask = 2147483647;
			files = (
			);
			inputPaths = (
				"${SRCROOT}/Pods/Target Support Files/Pods-XinaoEnergy/Pods-XinaoEnergy-frameworks.sh",
				"${BUILT_PRODUCTS_DIR}/Alamofire/Alamofire.framework",
				"${BUILT_PRODUCTS_DIR}/Charts/Charts.framework",
				"${BUILT_PRODUCTS_DIR}/Neon/Neon.framework",
				"${BUILT_PRODUCTS_DIR}/SwiftyJSON/SwiftyJSON.framework",
			);
			name = "[CP] Embed Pods Frameworks";
			outputPaths = (
				"${TARGET_BUILD_DIR}/${FRAMEWORKS_FOLDER_PATH}/Alamofire.framework",
				"${TARGET_BUILD_DIR}/${FRAMEWORKS_FOLDER_PATH}/Charts.framework",
				"${TARGET_BUILD_DIR}/${FRAMEWORKS_FOLDER_PATH}/Neon.framework",
				"${TARGET_BUILD_DIR}/${FRAMEWORKS_FOLDER_PATH}/SwiftyJSON.framework",
			);
			runOnlyForDeploymentPostprocessing = 0;
			shellPath = /bin/sh;
			shellScript = "\"${SRCROOT}/Pods/Target Support Files/Pods-XinaoEnergy/Pods-XinaoEnergy-frameworks.sh\"\n";
			showEnvVarsInLog = 0;
		};
/* End PBXShellScriptBuildPhase section */

/* Begin PBXSourcesBuildPhase section */
		FC81C89420FED8FB00CF8252 /* Sources */ = {
			isa = PBXSourcesBuildPhase;
			buildActionMask = 2147483647;
			files = (
				FCCF02872112F39E00CF9E85 /* LineChartsViewController.swift in Sources */,
				FCCF02882112F39E00CF9E85 /* PieChartsViewController.swift in Sources */,
				FCCF02892112F39E00CF9E85 /* LineButton.swift in Sources */,
				FCCF028A2112F39E00CF9E85 /* BarChartsViewController.swift in Sources */,
				FCCF028B2112F39E00CF9E85 /* PublicParamter.swift in Sources */,
				FCCF028C2112F39E00CF9E85 /* ChartsTabViewController.swift in Sources */,
				FB8BCE4D2112B0E0005906A6 /* LoginViewController.swift in Sources */,
				FC8CF18821002FB10059CA72 /* FrameViewController.swift in Sources */,
				FC2DA0132101CA7300BAAD9A /* IdeaViewController.swift in Sources */,
				FB2C8C62210960F200E4EA65 /* BaseViewController.swift in Sources */,
				FC81C89E20FED8FB00CF8252 /* ViewController.swift in Sources */,
				FC81C89C20FED8FB00CF8252 /* AppDelegate.swift in Sources */,
				FC2DA00F2101C96100BAAD9A /* MainViewController.swift in Sources */,
				FC2DA0112101C9FE00BAAD9A /* KnowLeadgeViewController.swift in Sources */,
				FC2DA0152101CA8A00BAAD9A /* PersonViewController.swift in Sources */,
				FC2DA01D21070B7700BAAD9A /* todoModel.swift in Sources */,
				FC2DA01B210706D100BAAD9A /* TableViewController.swift in Sources */,
				FC2DA0192106EEF000BAAD9A /* StationViewController.swift in Sources */,
			);
			runOnlyForDeploymentPostprocessing = 0;
		};
/* End PBXSourcesBuildPhase section */

/* Begin PBXVariantGroup section */
		FC81C89F20FED8FB00CF8252 /* Main.storyboard */ = {
			isa = PBXVariantGroup;
			children = (
				FC81C8A020FED8FB00CF8252 /* Base */,
			);
			name = Main.storyboard;
			sourceTree = "<group>";
			usesTabs = 1;
		};
		FC81C8A420FED8FB00CF8252 /* LaunchScreen.storyboard */ = {
			isa = PBXVariantGroup;
			children = (
				FC81C8A520FED8FB00CF8252 /* Base */,
			);
			name = LaunchScreen.storyboard;
			sourceTree = "<group>";
		};
/* End PBXVariantGroup section */

/* Begin XCBuildConfiguration section */
		FC81C8A820FED8FB00CF8252 /* Debug */ = {
			isa = XCBuildConfiguration;
			buildSettings = {
				ALWAYS_SEARCH_USER_PATHS = NO;
				CLANG_ANALYZER_NONNULL = YES;
				CLANG_ANALYZER_NUMBER_OBJECT_CONVERSION = YES_AGGRESSIVE;
				CLANG_CXX_LANGUAGE_STANDARD = "gnu++14";
				CLANG_CXX_LIBRARY = "libc++";
				CLANG_ENABLE_MODULES = YES;
				CLANG_ENABLE_OBJC_ARC = YES;
				CLANG_WARN_BLOCK_CAPTURE_AUTORELEASING = YES;
				CLANG_WARN_BOOL_CONVERSION = YES;
				CLANG_WARN_COMMA = YES;
				CLANG_WARN_CONSTANT_CONVERSION = YES;
				CLANG_WARN_DIRECT_OBJC_ISA_USAGE = YES_ERROR;
				CLANG_WARN_DOCUMENTATION_COMMENTS = YES;
				CLANG_WARN_EMPTY_BODY = YES;
				CLANG_WARN_ENUM_CONVERSION = YES;
				CLANG_WARN_INFINITE_RECURSION = YES;
				CLANG_WARN_INT_CONVERSION = YES;
				CLANG_WARN_NON_LITERAL_NULL_CONVERSION = YES;
				CLANG_WARN_OBJC_LITERAL_CONVERSION = YES;
				CLANG_WARN_OBJC_ROOT_CLASS = YES_ERROR;
				CLANG_WARN_RANGE_LOOP_ANALYSIS = YES;
				CLANG_WARN_STRICT_PROTOTYPES = YES;
				CLANG_WARN_SUSPICIOUS_MOVE = YES;
				CLANG_WARN_UNGUARDED_AVAILABILITY = YES_AGGRESSIVE;
				CLANG_WARN_UNREACHABLE_CODE = YES;
				CLANG_WARN__DUPLICATE_METHOD_MATCH = YES;
				CODE_SIGN_IDENTITY = "iPhone Developer";
				COPY_PHASE_STRIP = NO;
				DEBUG_INFORMATION_FORMAT = dwarf;
				ENABLE_STRICT_OBJC_MSGSEND = YES;
				ENABLE_TESTABILITY = YES;
				GCC_C_LANGUAGE_STANDARD = gnu11;
				GCC_DYNAMIC_NO_PIC = NO;
				GCC_NO_COMMON_BLOCKS = YES;
				GCC_OPTIMIZATION_LEVEL = 0;
				GCC_PREPROCESSOR_DEFINITIONS = (
					"DEBUG=1",
					"$(inherited)",
				);
				GCC_WARN_64_TO_32_BIT_CONVERSION = YES;
				GCC_WARN_ABOUT_RETURN_TYPE = YES_ERROR;
				GCC_WARN_UNDECLARED_SELECTOR = YES;
				GCC_WARN_UNINITIALIZED_AUTOS = YES_AGGRESSIVE;
				GCC_WARN_UNUSED_FUNCTION = YES;
				GCC_WARN_UNUSED_VARIABLE = YES;
				IPHONEOS_DEPLOYMENT_TARGET = 11.2;
				MTL_ENABLE_DEBUG_INFO = YES;
				ONLY_ACTIVE_ARCH = YES;
				SDKROOT = iphoneos;
				SWIFT_ACTIVE_COMPILATION_CONDITIONS = DEBUG;
				SWIFT_OPTIMIZATION_LEVEL = "-Onone";
			};
			name = Debug;
		};
		FC81C8A920FED8FB00CF8252 /* Release */ = {
			isa = XCBuildConfiguration;
			buildSettings = {
				ALWAYS_SEARCH_USER_PATHS = NO;
				CLANG_ANALYZER_NONNULL = YES;
				CLANG_ANALYZER_NUMBER_OBJECT_CONVERSION = YES_AGGRESSIVE;
				CLANG_CXX_LANGUAGE_STANDARD = "gnu++14";
				CLANG_CXX_LIBRARY = "libc++";
				CLANG_ENABLE_MODULES = YES;
				CLANG_ENABLE_OBJC_ARC = YES;
				CLANG_WARN_BLOCK_CAPTURE_AUTORELEASING = YES;
				CLANG_WARN_BOOL_CONVERSION = YES;
				CLANG_WARN_COMMA = YES;
				CLANG_WARN_CONSTANT_CONVERSION = YES;
				CLANG_WARN_DIRECT_OBJC_ISA_USAGE = YES_ERROR;
				CLANG_WARN_DOCUMENTATION_COMMENTS = YES;
				CLANG_WARN_EMPTY_BODY = YES;
				CLANG_WARN_ENUM_CONVERSION = YES;
				CLANG_WARN_INFINITE_RECURSION = YES;
				CLANG_WARN_INT_CONVERSION = YES;
				CLANG_WARN_NON_LITERAL_NULL_CONVERSION = YES;
				CLANG_WARN_OBJC_LITERAL_CONVERSION = YES;
				CLANG_WARN_OBJC_ROOT_CLASS = YES_ERROR;
				CLANG_WARN_RANGE_LOOP_ANALYSIS = YES;
				CLANG_WARN_STRICT_PROTOTYPES = YES;
				CLANG_WARN_SUSPICIOUS_MOVE = YES;
				CLANG_WARN_UNGUARDED_AVAILABILITY = YES_AGGRESSIVE;
				CLANG_WARN_UNREACHABLE_CODE = YES;
				CLANG_WARN__DUPLICATE_METHOD_MATCH = YES;
				CODE_SIGN_IDENTITY = "iPhone Developer";
				COPY_PHASE_STRIP = NO;
				DEBUG_INFORMATION_FORMAT = "dwarf-with-dsym";
				ENABLE_NS_ASSERTIONS = NO;
				ENABLE_STRICT_OBJC_MSGSEND = YES;
				GCC_C_LANGUAGE_STANDARD = gnu11;
				GCC_NO_COMMON_BLOCKS = YES;
				GCC_WARN_64_TO_32_BIT_CONVERSION = YES;
				GCC_WARN_ABOUT_RETURN_TYPE = YES_ERROR;
				GCC_WARN_UNDECLARED_SELECTOR = YES;
				GCC_WARN_UNINITIALIZED_AUTOS = YES_AGGRESSIVE;
				GCC_WARN_UNUSED_FUNCTION = YES;
				GCC_WARN_UNUSED_VARIABLE = YES;
				IPHONEOS_DEPLOYMENT_TARGET = 11.2;
				MTL_ENABLE_DEBUG_INFO = NO;
				SDKROOT = iphoneos;
				SWIFT_OPTIMIZATION_LEVEL = "-Owholemodule";
				VALIDATE_PRODUCT = YES;
			};
			name = Release;
		};
		FC81C8AB20FED8FB00CF8252 /* Debug */ = {
			isa = XCBuildConfiguration;
			baseConfigurationReference = 50B58BDC1289AC312589528B /* Pods-XinaoEnergy.debug.xcconfig */;
			buildSettings = {
				ASSETCATALOG_COMPILER_APPICON_NAME = AppIcon;
				CODE_SIGN_STYLE = Automatic;
				DEVELOPMENT_TEAM = 5GVSBZG2D3;
				INFOPLIST_FILE = XinaoEnergy/Info.plist;
				IPHONEOS_DEPLOYMENT_TARGET = 10.3;
				LD_RUNPATH_SEARCH_PATHS = "$(inherited) @executable_path/Frameworks";
				PRODUCT_BUNDLE_IDENTIFIER = com.xinao.XinaoEnergy;
				PRODUCT_NAME = "$(TARGET_NAME)";
				SWIFT_VERSION = 4.0;
				TARGETED_DEVICE_FAMILY = "1,2";
			};
			name = Debug;
		};
		FC81C8AC20FED8FB00CF8252 /* Release */ = {
			isa = XCBuildConfiguration;
			baseConfigurationReference = 2D7E43E89551CB8BF6FBD79F /* Pods-XinaoEnergy.release.xcconfig */;
			buildSettings = {
				ASSETCATALOG_COMPILER_APPICON_NAME = AppIcon;
				CODE_SIGN_STYLE = Automatic;
				DEVELOPMENT_TEAM = 5GVSBZG2D3;
				INFOPLIST_FILE = XinaoEnergy/Info.plist;
				IPHONEOS_DEPLOYMENT_TARGET = 10.3;
				LD_RUNPATH_SEARCH_PATHS = "$(inherited) @executable_path/Frameworks";
				PRODUCT_BUNDLE_IDENTIFIER = com.xinao.XinaoEnergy;
				PRODUCT_NAME = "$(TARGET_NAME)";
				SWIFT_VERSION = 4.0;
				TARGETED_DEVICE_FAMILY = "1,2";
			};
			name = Release;
		};
/* End XCBuildConfiguration section */

/* Begin XCConfigurationList section */
		FC81C89320FED8FA00CF8252 /* Build configuration list for PBXProject "XinaoEnergy" */ = {
			isa = XCConfigurationList;
			buildConfigurations = (
				FC81C8A820FED8FB00CF8252 /* Debug */,
				FC81C8A920FED8FB00CF8252 /* Release */,
			);
			defaultConfigurationIsVisible = 0;
			defaultConfigurationName = Release;
		};
		FC81C8AA20FED8FB00CF8252 /* Build configuration list for PBXNativeTarget "XinaoEnergy" */ = {
			isa = XCConfigurationList;
			buildConfigurations = (
				FC81C8AB20FED8FB00CF8252 /* Debug */,
				FC81C8AC20FED8FB00CF8252 /* Release */,
			);
			defaultConfigurationIsVisible = 0;
			defaultConfigurationName = Release;
		};
/* End XCConfigurationList section */
	};
	rootObject = FC81C89020FED8FA00CF8252 /* Project object */;
}
